
Microsoft Visual Studio Solution File, Format Version 12.00
# Visual Studio Version 17
VisualStudioVersion = 17.14.36511.14
MinimumVisualStudioVersion = 10.0.40219.1
Project("{FAE04EC0-301F-11D3-BF4B-00C04F79EFBC}") = "BookStore.Presentation", "BookStore.Presentation\BookStore.Presentation.csproj", "{8CBF167A-36D7-4473-AB05-73681D94CBD8}"
EndProject
Project("{FAE04EC0-301F-11D3-BF4B-00C04F79EFBC}") = "BookStore.Infrastructure", "BookStore.Infrastructure\BookStore.Infrastructure.csproj", "{0DA50727-6808-4C44-958A-BACDFBEB491A}"
EndProject
Project("{FAE04EC0-301F-11D3-BF4B-00C04F79EFBC}") = "BookStore.Domain", "BookStore.Domain\BookStore.Domain.csproj", "{EB847006-42B8-4912-ACEA-56B76F14896E}"
EndProject
Project("{2150E333-8FDC-42A3-9474-1A3956D46DE8}") = "SQL", "SQL", "{02EA681E-C7D8-13C7-8484-4AC65E1B71E8}"
	ProjectSection(SolutionItems) = preProject
		BookStore.sql = BookStore.sql
	EndProjectSection
EndProject
Global
	GlobalSection(SolutionConfigurationPlatforms) = preSolution
		Debug|Any CPU = Debug|Any CPU
		Release|Any CPU = Release|Any CPU
	EndGlobalSection
	GlobalSection(ProjectConfigurationPlatforms) = postSolution
		{8CBF167A-36D7-4473-AB05-73681D94CBD8}.Debug|Any CPU.ActiveCfg = Debug|Any CPU
		{8CBF167A-36D7-4473-AB05-73681D94CBD8}.Debug|Any CPU.Build.0 = Debug|Any CPU
		{8CBF167A-36D7-4473-AB05-73681D94CBD8}.Release|Any CPU.ActiveCfg = Release|Any CPU
		{8CBF167A-36D7-4473-AB05-73681D94CBD8}.Release|Any CPU.Build.0 = Release|Any CPU
		{0DA50727-6808-4C44-958A-BACDFBEB491A}.Debug|Any CPU.ActiveCfg = Debug|Any CPU
		{0DA50727-6808-4C44-958A-BACDFBEB491A}.Debug|Any CPU.Build.0 = Debug|Any CPU
		{0DA50727-6808-4C44-958A-BACDFBEB491A}.Release|Any CPU.ActiveCfg = Release|Any CPU
		{0DA50727-6808-4C44-958A-BACDFBEB491A}.Release|Any CPU.Build.0 = Release|Any CPU
		{EB847006-42B8-4912-ACEA-56B76F14896E}.Debug|Any CPU.ActiveCfg = Debug|Any CPU
		{EB847006-42B8-4912-ACEA-56B76F14896E}.Debug|Any CPU.Build.0 = Debug|Any CPU
		{EB847006-42B8-4912-ACEA-56B76F14896E}.Release|Any CPU.ActiveCfg = Release|Any CPU
		{EB847006-42B8-4912-ACEA-56B76F14896E}.Release|Any CPU.Build.0 = Release|Any CPU
	EndGlobalSection
	GlobalSection(SolutionProperties) = preSolution
		HideSolutionNode = FALSE
	EndGlobalSection
	GlobalSection(ExtensibilityGlobals) = postSolution
		SolutionGuid = {0C259D14-D641-4437-AE75-333F5E364F4A}
	EndGlobalSection
EndGlobal
